
Microsoft Visual Studio Solution File, Format Version 12.00
# Visual Studio Version 17
VisualStudioVersion = 17.1.32210.238
MinimumVisualStudioVersion = 10.0.40219.1
Project("{FAE04EC0-301F-11D3-BF4B-00C04F79EFBC}") = "5.1", "5.1\5.1.csproj", "{BA73D6A8-DF16-45E2-83C1-AB9BD1B8D159}"
EndProject
Global
	GlobalSection(SolutionConfigurationPlatforms) = preSolution
		Debug|Any CPU = Debug|Any CPU
		Release|Any CPU = Release|Any CPU
	EndGlobalSection
	GlobalSection(ProjectConfigurationPlatforms) = postSolution
		{BA73D6A8-DF16-45E2-83C1-AB9BD1B8D159}.Debug|Any CPU.ActiveCfg = Debug|Any CPU
		{BA73D6A8-DF16-45E2-83C1-AB9BD1B8D159}.Debug|Any CPU.Build.0 = Debug|Any CPU
		{BA73D6A8-DF16-45E2-83C1-AB9BD1B8D159}.Release|Any CPU.ActiveCfg = Release|Any CPU
		{BA73D6A8-DF16-45E2-83C1-AB9BD1B8D159}.Release|Any CPU.Build.0 = Release|Any CPU
	EndGlobalSection
	GlobalSection(SolutionProperties) = preSolution
		HideSolutionNode = FALSE
	EndGlobalSection
	GlobalSection(ExtensibilityGlobals) = postSolution
		SolutionGuid = {9673FD6B-14DD-46FB-B6C0-015239D1FA81}
	EndGlobalSection
EndGlobal
