
Microsoft Visual Studio Solution File, Format Version 12.00
# Visual Studio Version 17
VisualStudioVersion = 17.1.32210.238
MinimumVisualStudioVersion = 10.0.40219.1
Project("{FAE04EC0-301F-11D3-BF4B-00C04F79EFBC}") = "5.19", "5.19\5.19.csproj", "{A8904EA0-F175-43AC-BF02-580C45016891}"
EndProject
Global
	GlobalSection(SolutionConfigurationPlatforms) = preSolution
		Debug|Any CPU = Debug|Any CPU
		Release|Any CPU = Release|Any CPU
	EndGlobalSection
	GlobalSection(ProjectConfigurationPlatforms) = postSolution
		{A8904EA0-F175-43AC-BF02-580C45016891}.Debug|Any CPU.ActiveCfg = Debug|Any CPU
		{A8904EA0-F175-43AC-BF02-580C45016891}.Debug|Any CPU.Build.0 = Debug|Any CPU
		{A8904EA0-F175-43AC-BF02-580C45016891}.Release|Any CPU.ActiveCfg = Release|Any CPU
		{A8904EA0-F175-43AC-BF02-580C45016891}.Release|Any CPU.Build.0 = Release|Any CPU
	EndGlobalSection
	GlobalSection(SolutionProperties) = preSolution
		HideSolutionNode = FALSE
	EndGlobalSection
	GlobalSection(ExtensibilityGlobals) = postSolution
		SolutionGuid = {AA10C5F0-1DF6-4787-B32A-FB05A2F53FBB}
	EndGlobalSection
EndGlobal
