
Microsoft Visual Studio Solution File, Format Version 12.00
# Visual Studio Version 17
VisualStudioVersion = 17.1.32210.238
MinimumVisualStudioVersion = 10.0.40219.1
Project("{FAE04EC0-301F-11D3-BF4B-00C04F79EFBC}") = "10.2", "10.2\10.2.csproj", "{0CA2F301-B182-4048-AB66-C9C98F1A01BA}"
EndProject
Global
	GlobalSection(SolutionConfigurationPlatforms) = preSolution
		Debug|Any CPU = Debug|Any CPU
		Release|Any CPU = Release|Any CPU
	EndGlobalSection
	GlobalSection(ProjectConfigurationPlatforms) = postSolution
		{0CA2F301-B182-4048-AB66-C9C98F1A01BA}.Debug|Any CPU.ActiveCfg = Debug|Any CPU
		{0CA2F301-B182-4048-AB66-C9C98F1A01BA}.Debug|Any CPU.Build.0 = Debug|Any CPU
		{0CA2F301-B182-4048-AB66-C9C98F1A01BA}.Release|Any CPU.ActiveCfg = Release|Any CPU
		{0CA2F301-B182-4048-AB66-C9C98F1A01BA}.Release|Any CPU.Build.0 = Release|Any CPU
	EndGlobalSection
	GlobalSection(SolutionProperties) = preSolution
		HideSolutionNode = FALSE
	EndGlobalSection
	GlobalSection(ExtensibilityGlobals) = postSolution
		SolutionGuid = {AB05955F-7BCF-45D7-8350-47DF2583C0B1}
	EndGlobalSection
EndGlobal
